
Microsoft Visual Studio Solution File, Format Version 12.00
# Visual Studio Version 17
VisualStudioVersion = 17.9.34622.214
MinimumVisualStudioVersion = 10.0.40219.1
Project("{FAE04EC0-301F-11D3-BF4B-00C04F79EFBC}") = "Authentication", "Authentication\Authentication.csproj", "{7F8B0409-42FA-4134-BE2F-6EF70B71A08B}"
EndProject
Global
	GlobalSection(SolutionConfigurationPlatforms) = preSolution
		Debug|Any CPU = Debug|Any CPU
		Release|Any CPU = Release|Any CPU
	EndGlobalSection
	GlobalSection(ProjectConfigurationPlatforms) = postSolution
		{7F8B0409-42FA-4134-BE2F-6EF70B71A08B}.Debug|Any CPU.ActiveCfg = Debug|Any CPU
		{7F8B0409-42FA-4134-BE2F-6EF70B71A08B}.Debug|Any CPU.Build.0 = Debug|Any CPU
		{7F8B0409-42FA-4134-BE2F-6EF70B71A08B}.Release|Any CPU.ActiveCfg = Release|Any CPU
		{7F8B0409-42FA-4134-BE2F-6EF70B71A08B}.Release|Any CPU.Build.0 = Release|Any CPU
	EndGlobalSection
	GlobalSection(SolutionProperties) = preSolution
		HideSolutionNode = FALSE
	EndGlobalSection
	GlobalSection(ExtensibilityGlobals) = postSolution
		SolutionGuid = {1BE2C108-6AB0-4E90-8400-DD560CA1A9BB}
	EndGlobalSection
EndGlobal
